// !$*UTF8*$!
{
	archiveVersion = 1;
	classes = {
	};
	objectVersion = 46;
	objects = {

/* Begin PBXBuildFile section */
		DDABCD501DDFF500000E3883 /* main.m in Sources */ = {isa = PBXBuildFile; fileRef = DDABCD4F1DDFF500000E3883 /* main.m */; };
		DDABCD591DE02152000E3883 /* Pursuit.m in Sources */ = {isa = PBXBuildFile; fileRef = DDABCD581DE02152000E3883 /* Pursuit.m */; };
		DDABCD5C1DE02974000E3883 /* GiveGift.m in Sources */ = {isa = PBXBuildFile; fileRef = DDABCD5B1DE02974000E3883 /* GiveGift.m */; };
		DDABCD5F1DE029B3000E3883 /* SchoolGirl.m in Sources */ = {isa = PBXBuildFile; fileRef = DDABCD5E1DE029B3000E3883 /* SchoolGirl.m */; };
		DDABCD621DE02B04000E3883 /* Proxy.m in Sources */ = {isa = PBXBuildFile; fileRef = DDABCD611DE02B04000E3883 /* Proxy.m */; };
/* End PBXBuildFile section */

/* Begin PBXCopyFilesBuildPhase section */
		DDABCD4A1DDFF500000E3883 /* CopyFiles */ = {
			isa = PBXCopyFilesBuildPhase;
			buildActionMask = 2147483647;
			dstPath = /usr/share/man/man1/;
			dstSubfolderSpec = 0;
			files = (
			);
			runOnlyForDeploymentPostprocessing = 1;
		};
/* End PBXCopyFilesBuildPhase section */

/* Begin PBXFileReference section */
		DDABCD4C1DDFF500000E3883 /* 04-代理模式 */ = {isa = PBXFileReference; explicitFileType = "compiled.mach-o.executable"; includeInIndex = 0; path = "04-代理模式"; sourceTree = BUILT_PRODUCTS_DIR; };
		DDABCD4F1DDFF500000E3883 /* main.m */ = {isa = PBXFileReference; lastKnownFileType = sourcecode.c.objc; path = main.m; sourceTree = "<group>"; };
		DDABCD571DE02152000E3883 /* Pursuit.h */ = {isa = PBXFileReference; fileEncoding = 4; lastKnownFileType = sourcecode.c.h; path = Pursuit.h; sourceTree = "<group>"; };
		DDABCD581DE02152000E3883 /* Pursuit.m */ = {isa = PBXFileReference; fileEncoding = 4; lastKnownFileType = sourcecode.c.objc; path = Pursuit.m; sourceTree = "<group>"; };
		DDABCD5A1DE02974000E3883 /* GiveGift.h */ = {isa = PBXFileReference; fileEncoding = 4; lastKnownFileType = sourcecode.c.h; path = GiveGift.h; sourceTree = "<group>"; };
		DDABCD5B1DE02974000E3883 /* GiveGift.m */ = {isa = PBXFileReference; fileEncoding = 4; lastKnownFileType = sourcecode.c.objc; path = GiveGift.m; sourceTree = "<group>"; };
		DDABCD5D1DE029B3000E3883 /* SchoolGirl.h */ = {isa = PBXFileReference; fileEncoding = 4; lastKnownFileType = sourcecode.c.h; path = SchoolGirl.h; sourceTree = "<group>"; };
		DDABCD5E1DE029B3000E3883 /* SchoolGirl.m */ = {isa = PBXFileReference; fileEncoding = 4; lastKnownFileType = sourcecode.c.objc; path = SchoolGirl.m; sourceTree = "<group>"; };
		DDABCD601DE02B04000E3883 /* Proxy.h */ = {isa = PBXFileReference; fileEncoding = 4; lastKnownFileType = sourcecode.c.h; path = Proxy.h; sourceTree = "<group>"; };
		DDABCD611DE02B04000E3883 /* Proxy.m */ = {isa = PBXFileReference; fileEncoding = 4; lastKnownFileType = sourcecode.c.objc; path = Proxy.m; sourceTree = "<group>"; };
/* End PBXFileReference section */

/* Begin PBXFrameworksBuildPhase section */
		DDABCD491DDFF500000E3883 /* Frameworks */ = {
			isa = PBXFrameworksBuildPhase;
			buildActionMask = 2147483647;
			files = (
			);
			runOnlyForDeploymentPostprocessing = 0;
		};
/* End PBXFrameworksBuildPhase section */

/* Begin PBXGroup section */
		DDABCD431DDFF4FF000E3883 = {
			isa = PBXGroup;
			children = (
				DDABCD4E1DDFF500000E3883 /* 04-代理模式 */,
				DDABCD4D1DDFF500000E3883 /* Products */,
			);
			sourceTree = "<group>";
		};
		DDABCD4D1DDFF500000E3883 /* Products */ = {
			isa = PBXGroup;
			children = (
				DDABCD4C1DDFF500000E3883 /* 04-代理模式 */,
			);
			name = Products;
			sourceTree = "<group>";
		};
		DDABCD4E1DDFF500000E3883 /* 04-代理模式 */ = {
			isa = PBXGroup;
			children = (
				DDABCD4F1DDFF500000E3883 /* main.m */,
				DDABCD5A1DE02974000E3883 /* GiveGift.h */,
				DDABCD5B1DE02974000E3883 /* GiveGift.m */,
				DDABCD571DE02152000E3883 /* Pursuit.h */,
				DDABCD581DE02152000E3883 /* Pursuit.m */,
				DDABCD601DE02B04000E3883 /* Proxy.h */,
				DDABCD611DE02B04000E3883 /* Proxy.m */,
				DDABCD5D1DE029B3000E3883 /* SchoolGirl.h */,
				DDABCD5E1DE029B3000E3883 /* SchoolGirl.m */,
			);
			path = "04-代理模式";
			sourceTree = "<group>";
		};
/* End PBXGroup section */

/* Begin PBXNativeTarget section */
		DDABCD4B1DDFF500000E3883 /* 04-代理模式 */ = {
			isa = PBXNativeTarget;
			buildConfigurationList = DDABCD531DDFF500000E3883 /* Build configuration list for PBXNativeTarget "04-代理模式" */;
			buildPhases = (
				DDABCD481DDFF500000E3883 /* Sources */,
				DDABCD491DDFF500000E3883 /* Frameworks */,
				DDABCD4A1DDFF500000E3883 /* CopyFiles */,
			);
			buildRules = (
			);
			dependencies = (
			);
			name = "04-代理模式";
			productName = "04-代理模式";
			productReference = DDABCD4C1DDFF500000E3883 /* 04-代理模式 */;
			productType = "com.apple.product-type.tool";
		};
/* End PBXNativeTarget section */

/* Begin PBXProject section */
		DDABCD441DDFF4FF000E3883 /* Project object */ = {
			isa = PBXProject;
			attributes = {
				LastUpgradeCheck = 0730;
				ORGANIZATIONNAME = Yangyang;
				TargetAttributes = {
					DDABCD4B1DDFF500000E3883 = {
						CreatedOnToolsVersion = 7.3.1;
					};
				};
			};
			buildConfigurationList = DDABCD471DDFF4FF000E3883 /* Build configuration list for PBXProject "04-代理模式" */;
			compatibilityVersion = "Xcode 3.2";
			developmentRegion = English;
			hasScannedForEncodings = 0;
			knownRegions = (
				en,
			);
			mainGroup = DDABCD431DDFF4FF000E3883;
			productRefGroup = DDABCD4D1DDFF500000E3883 /* Products */;
			projectDirPath = "";
			projectRoot = "";
			targets = (
				DDABCD4B1DDFF500000E3883 /* 04-代理模式 */,
			);
		};
/* End PBXProject section */

/* Begin PBXSourcesBuildPhase section */
		DDABCD481DDFF500000E3883 /* Sources */ = {
			isa = PBXSourcesBuildPhase;
			buildActionMask = 2147483647;
			files = (
				DDABCD591DE02152000E3883 /* Pursuit.m in Sources */,
				DDABCD621DE02B04000E3883 /* Proxy.m in Sources */,
				DDABCD5F1DE029B3000E3883 /* SchoolGirl.m in Sources */,
				DDABCD501DDFF500000E3883 /* main.m in Sources */,
				DDABCD5C1DE02974000E3883 /* GiveGift.m in Sources */,
			);
			runOnlyForDeploymentPostprocessing = 0;
		};
/* End PBXSourcesBuildPhase section */

/* Begin XCBuildConfiguration section */
		DDABCD511DDFF500000E3883 /* Debug */ = {
			isa = XCBuildConfiguration;
			buildSettings = {
				ALWAYS_SEARCH_USER_PATHS = NO;
				CLANG_ANALYZER_NONNULL = YES;
				CLANG_CXX_LANGUAGE_STANDARD = "gnu++0x";
				CLANG_CXX_LIBRARY = "libc++";
				CLANG_ENABLE_MODULES = YES;
				CLANG_ENABLE_OBJC_ARC = YES;
				CLANG_WARN_BOOL_CONVERSION = YES;
				CLANG_WARN_CONSTANT_CONVERSION = YES;
				CLANG_WARN_DIRECT_OBJC_ISA_USAGE = YES_ERROR;
				CLANG_WARN_EMPTY_BODY = YES;
				CLANG_WARN_ENUM_CONVERSION = YES;
				CLANG_WARN_INT_CONVERSION = YES;
				CLANG_WARN_OBJC_ROOT_CLASS = YES_ERROR;
				CLANG_WARN_UNREACHABLE_CODE = YES;
				CLANG_WARN__DUPLICATE_METHOD_MATCH = YES;
				CODE_SIGN_IDENTITY = "-";
				COPY_PHASE_STRIP = NO;
				DEBUG_INFORMATION_FORMAT = dwarf;
				ENABLE_STRICT_OBJC_MSGSEND = YES;
				ENABLE_TESTABILITY = YES;
				GCC_C_LANGUAGE_STANDARD = gnu99;
				GCC_DYNAMIC_NO_PIC = NO;
				GCC_NO_COMMON_BLOCKS = YES;
				GCC_OPTIMIZATION_LEVEL = 0;
				GCC_PREPROCESSOR_DEFINITIONS = (
					"DEBUG=1",
					"$(inherited)",
				);
				GCC_WARN_64_TO_32_BIT_CONVERSION = YES;
				GCC_WARN_ABOUT_RETURN_TYPE = YES_ERROR;
				GCC_WARN_UNDECLARED_SELECTOR = YES;
				GCC_WARN_UNINITIALIZED_AUTOS = YES_AGGRESSIVE;
				GCC_WARN_UNUSED_FUNCTION = YES;
				GCC_WARN_UNUSED_VARIABLE = YES;
				MACOSX_DEPLOYMENT_TARGET = 10.11;
				MTL_ENABLE_DEBUG_INFO = YES;
				ONLY_ACTIVE_ARCH = YES;
				SDKROOT = macosx;
			};
			name = Debug;
		};
		DDABCD521DDFF500000E3883 /* Release */ = {
			isa = XCBuildConfiguration;
			buildSettings = {
				ALWAYS_SEARCH_USER_PATHS = NO;
				CLANG_ANALYZER_NONNULL = YES;
				CLANG_CXX_LANGUAGE_STANDARD = "gnu++0x";
				CLANG_CXX_LIBRARY = "libc++";
				CLANG_ENABLE_MODULES = YES;
				CLANG_ENABLE_OBJC_ARC = YES;
				CLANG_WARN_BOOL_CONVERSION = YES;
				CLANG_WARN_CONSTANT_CONVERSION = YES;
				CLANG_WARN_DIRECT_OBJC_ISA_USAGE = YES_ERROR;
				CLANG_WARN_EMPTY_BODY = YES;
				CLANG_WARN_ENUM_CONVERSION = YES;
				CLANG_WARN_INT_CONVERSION = YES;
				CLANG_WARN_OBJC_ROOT_CLASS = YES_ERROR;
				CLANG_WARN_UNREACHABLE_CODE = YES;
				CLANG_WARN__DUPLICATE_METHOD_MATCH = YES;
				CODE_SIGN_IDENTITY = "-";
				COPY_PHASE_STRIP = NO;
				DEBUG_INFORMATION_FORMAT = "dwarf-with-dsym";
				ENABLE_NS_ASSERTIONS = NO;
				ENABLE_STRICT_OBJC_MSGSEND = YES;
				GCC_C_LANGUAGE_STANDARD = gnu99;
				GCC_NO_COMMON_BLOCKS = YES;
				GCC_WARN_64_TO_32_BIT_CONVERSION = YES;
				GCC_WARN_ABOUT_RETURN_TYPE = YES_ERROR;
				GCC_WARN_UNDECLARED_SELECTOR = YES;
				GCC_WARN_UNINITIALIZED_AUTOS = YES_AGGRESSIVE;
				GCC_WARN_UNUSED_FUNCTION = YES;
				GCC_WARN_UNUSED_VARIABLE = YES;
				MACOSX_DEPLOYMENT_TARGET = 10.11;
				MTL_ENABLE_DEBUG_INFO = NO;
				SDKROOT = macosx;
			};
			name = Release;
		};
		DDABCD541DDFF500000E3883 /* Debug */ = {
			isa = XCBuildConfiguration;
			buildSettings = {
				PRODUCT_NAME = "$(TARGET_NAME)";
			};
			name = Debug;
		};
		DDABCD551DDFF500000E3883 /* Release */ = {
			isa = XCBuildConfiguration;
			buildSettings = {
				PRODUCT_NAME = "$(TARGET_NAME)";
			};
			name = Release;
		};
/* End XCBuildConfiguration section */

/* Begin XCConfigurationList section */
		DDABCD471DDFF4FF000E3883 /* Build configuration list for PBXProject "04-代理模式" */ = {
			isa = XCConfigurationList;
			buildConfigurations = (
				DDABCD511DDFF500000E3883 /* Debug */,
				DDABCD521DDFF500000E3883 /* Release */,
			);
			defaultConfigurationIsVisible = 0;
			defaultConfigurationName = Release;
		};
		DDABCD531DDFF500000E3883 /* Build configuration list for PBXNativeTarget "04-代理模式" */ = {
			isa = XCConfigurationList;
			buildConfigurations = (
				DDABCD541DDFF500000E3883 /* Debug */,
				DDABCD551DDFF500000E3883 /* Release */,
			);
			defaultConfigurationIsVisible = 0;
		};
/* End XCConfigurationList section */
	};
	rootObject = DDABCD441DDFF4FF000E3883 /* Project object */;
}
