// !$*UTF8*$!
{
	archiveVersion = 1;
	classes = {
	};
	objectVersion = 46;
	objects = {

/* Begin PBXBuildFile section */
		DDABCC971DC80D45000E3883 /* main.m in Sources */ = {isa = PBXBuildFile; fileRef = DDABCC961DC80D45000E3883 /* main.m */; };
		DDABCC9F1DC80D9D000E3883 /* Operation.m in Sources */ = {isa = PBXBuildFile; fileRef = DDABCC9E1DC80D9D000E3883 /* Operation.m */; };
		DDABCCA21DC80F05000E3883 /* OperationAdd.m in Sources */ = {isa = PBXBuildFile; fileRef = DDABCCA11DC80F05000E3883 /* OperationAdd.m */; };
		DDABCCA51DC80F12000E3883 /* OperationSub.m in Sources */ = {isa = PBXBuildFile; fileRef = DDABCCA41DC80F12000E3883 /* OperationSub.m */; };
		DDABCCA81DC80F2F000E3883 /* OperationMul.m in Sources */ = {isa = PBXBuildFile; fileRef = DDABCCA71DC80F2F000E3883 /* OperationMul.m */; };
		DDABCCAB1DC80F3E000E3883 /* OperationDiv.m in Sources */ = {isa = PBXBuildFile; fileRef = DDABCCAA1DC80F3E000E3883 /* OperationDiv.m */; };
		DDABCCAE1DC810A9000E3883 /* OperationFactory.m in Sources */ = {isa = PBXBuildFile; fileRef = DDABCCAD1DC810A9000E3883 /* OperationFactory.m */; };
/* End PBXBuildFile section */

/* Begin PBXCopyFilesBuildPhase section */
		DDABCC911DC80D45000E3883 /* CopyFiles */ = {
			isa = PBXCopyFilesBuildPhase;
			buildActionMask = 2147483647;
			dstPath = /usr/share/man/man1/;
			dstSubfolderSpec = 0;
			files = (
			);
			runOnlyForDeploymentPostprocessing = 1;
		};
/* End PBXCopyFilesBuildPhase section */

/* Begin PBXFileReference section */
		DDABCC931DC80D45000E3883 /* 01-简单工厂 */ = {isa = PBXFileReference; explicitFileType = "compiled.mach-o.executable"; includeInIndex = 0; path = "01-简单工厂"; sourceTree = BUILT_PRODUCTS_DIR; };
		DDABCC961DC80D45000E3883 /* main.m */ = {isa = PBXFileReference; lastKnownFileType = sourcecode.c.objc; path = main.m; sourceTree = "<group>"; };
		DDABCC9D1DC80D9D000E3883 /* Operation.h */ = {isa = PBXFileReference; fileEncoding = 4; lastKnownFileType = sourcecode.c.h; path = Operation.h; sourceTree = "<group>"; };
		DDABCC9E1DC80D9D000E3883 /* Operation.m */ = {isa = PBXFileReference; fileEncoding = 4; lastKnownFileType = sourcecode.c.objc; path = Operation.m; sourceTree = "<group>"; };
		DDABCCA01DC80F05000E3883 /* OperationAdd.h */ = {isa = PBXFileReference; fileEncoding = 4; lastKnownFileType = sourcecode.c.h; path = OperationAdd.h; sourceTree = "<group>"; };
		DDABCCA11DC80F05000E3883 /* OperationAdd.m */ = {isa = PBXFileReference; fileEncoding = 4; lastKnownFileType = sourcecode.c.objc; path = OperationAdd.m; sourceTree = "<group>"; };
		DDABCCA31DC80F12000E3883 /* OperationSub.h */ = {isa = PBXFileReference; fileEncoding = 4; lastKnownFileType = sourcecode.c.h; path = OperationSub.h; sourceTree = "<group>"; };
		DDABCCA41DC80F12000E3883 /* OperationSub.m */ = {isa = PBXFileReference; fileEncoding = 4; lastKnownFileType = sourcecode.c.objc; path = OperationSub.m; sourceTree = "<group>"; };
		DDABCCA61DC80F2F000E3883 /* OperationMul.h */ = {isa = PBXFileReference; fileEncoding = 4; lastKnownFileType = sourcecode.c.h; path = OperationMul.h; sourceTree = "<group>"; };
		DDABCCA71DC80F2F000E3883 /* OperationMul.m */ = {isa = PBXFileReference; fileEncoding = 4; lastKnownFileType = sourcecode.c.objc; path = OperationMul.m; sourceTree = "<group>"; };
		DDABCCA91DC80F3E000E3883 /* OperationDiv.h */ = {isa = PBXFileReference; fileEncoding = 4; lastKnownFileType = sourcecode.c.h; path = OperationDiv.h; sourceTree = "<group>"; };
		DDABCCAA1DC80F3E000E3883 /* OperationDiv.m */ = {isa = PBXFileReference; fileEncoding = 4; lastKnownFileType = sourcecode.c.objc; path = OperationDiv.m; sourceTree = "<group>"; };
		DDABCCAC1DC810A9000E3883 /* OperationFactory.h */ = {isa = PBXFileReference; fileEncoding = 4; lastKnownFileType = sourcecode.c.h; path = OperationFactory.h; sourceTree = "<group>"; };
		DDABCCAD1DC810A9000E3883 /* OperationFactory.m */ = {isa = PBXFileReference; fileEncoding = 4; lastKnownFileType = sourcecode.c.objc; path = OperationFactory.m; sourceTree = "<group>"; };
		DDABCCAF1DC95B09000E3883 /* UML.png */ = {isa = PBXFileReference; lastKnownFileType = image.png; path = UML.png; sourceTree = "<group>"; };
/* End PBXFileReference section */

/* Begin PBXFrameworksBuildPhase section */
		DDABCC901DC80D45000E3883 /* Frameworks */ = {
			isa = PBXFrameworksBuildPhase;
			buildActionMask = 2147483647;
			files = (
			);
			runOnlyForDeploymentPostprocessing = 0;
		};
/* End PBXFrameworksBuildPhase section */

/* Begin PBXGroup section */
		DDABCC8A1DC80D45000E3883 = {
			isa = PBXGroup;
			children = (
				DDABCC951DC80D45000E3883 /* 01-简单工厂 */,
				DDABCC941DC80D45000E3883 /* Products */,
			);
			sourceTree = "<group>";
		};
		DDABCC941DC80D45000E3883 /* Products */ = {
			isa = PBXGroup;
			children = (
				DDABCC931DC80D45000E3883 /* 01-简单工厂 */,
			);
			name = Products;
			sourceTree = "<group>";
		};
		DDABCC951DC80D45000E3883 /* 01-简单工厂 */ = {
			isa = PBXGroup;
			children = (
				DDABCC961DC80D45000E3883 /* main.m */,
				DDABCC9D1DC80D9D000E3883 /* Operation.h */,
				DDABCC9E1DC80D9D000E3883 /* Operation.m */,
				DDABCCA01DC80F05000E3883 /* OperationAdd.h */,
				DDABCCA11DC80F05000E3883 /* OperationAdd.m */,
				DDABCCA31DC80F12000E3883 /* OperationSub.h */,
				DDABCCA41DC80F12000E3883 /* OperationSub.m */,
				DDABCCA61DC80F2F000E3883 /* OperationMul.h */,
				DDABCCA71DC80F2F000E3883 /* OperationMul.m */,
				DDABCCA91DC80F3E000E3883 /* OperationDiv.h */,
				DDABCCAA1DC80F3E000E3883 /* OperationDiv.m */,
				DDABCCAC1DC810A9000E3883 /* OperationFactory.h */,
				DDABCCAD1DC810A9000E3883 /* OperationFactory.m */,
				DDABCCAF1DC95B09000E3883 /* UML.png */,
			);
			path = "01-简单工厂";
			sourceTree = "<group>";
		};
/* End PBXGroup section */

/* Begin PBXNativeTarget section */
		DDABCC921DC80D45000E3883 /* 01-简单工厂 */ = {
			isa = PBXNativeTarget;
			buildConfigurationList = DDABCC9A1DC80D45000E3883 /* Build configuration list for PBXNativeTarget "01-简单工厂" */;
			buildPhases = (
				DDABCC8F1DC80D45000E3883 /* Sources */,
				DDABCC901DC80D45000E3883 /* Frameworks */,
				DDABCC911DC80D45000E3883 /* CopyFiles */,
			);
			buildRules = (
			);
			dependencies = (
			);
			name = "01-简单工厂";
			productName = "01-简单工厂";
			productReference = DDABCC931DC80D45000E3883 /* 01-简单工厂 */;
			productType = "com.apple.product-type.tool";
		};
/* End PBXNativeTarget section */

/* Begin PBXProject section */
		DDABCC8B1DC80D45000E3883 /* Project object */ = {
			isa = PBXProject;
			attributes = {
				LastUpgradeCheck = 0730;
				ORGANIZATIONNAME = Yangyang;
				TargetAttributes = {
					DDABCC921DC80D45000E3883 = {
						CreatedOnToolsVersion = 7.3.1;
					};
				};
			};
			buildConfigurationList = DDABCC8E1DC80D45000E3883 /* Build configuration list for PBXProject "01-简单工厂" */;
			compatibilityVersion = "Xcode 3.2";
			developmentRegion = English;
			hasScannedForEncodings = 0;
			knownRegions = (
				en,
			);
			mainGroup = DDABCC8A1DC80D45000E3883;
			productRefGroup = DDABCC941DC80D45000E3883 /* Products */;
			projectDirPath = "";
			projectRoot = "";
			targets = (
				DDABCC921DC80D45000E3883 /* 01-简单工厂 */,
			);
		};
/* End PBXProject section */

/* Begin PBXSourcesBuildPhase section */
		DDABCC8F1DC80D45000E3883 /* Sources */ = {
			isa = PBXSourcesBuildPhase;
			buildActionMask = 2147483647;
			files = (
				DDABCCA51DC80F12000E3883 /* OperationSub.m in Sources */,
				DDABCCAB1DC80F3E000E3883 /* OperationDiv.m in Sources */,
				DDABCC971DC80D45000E3883 /* main.m in Sources */,
				DDABCC9F1DC80D9D000E3883 /* Operation.m in Sources */,
				DDABCCAE1DC810A9000E3883 /* OperationFactory.m in Sources */,
				DDABCCA21DC80F05000E3883 /* OperationAdd.m in Sources */,
				DDABCCA81DC80F2F000E3883 /* OperationMul.m in Sources */,
			);
			runOnlyForDeploymentPostprocessing = 0;
		};
/* End PBXSourcesBuildPhase section */

/* Begin XCBuildConfiguration section */
		DDABCC981DC80D45000E3883 /* Debug */ = {
			isa = XCBuildConfiguration;
			buildSettings = {
				ALWAYS_SEARCH_USER_PATHS = NO;
				CLANG_ANALYZER_NONNULL = YES;
				CLANG_CXX_LANGUAGE_STANDARD = "gnu++0x";
				CLANG_CXX_LIBRARY = "libc++";
				CLANG_ENABLE_MODULES = YES;
				CLANG_ENABLE_OBJC_ARC = YES;
				CLANG_WARN_BOOL_CONVERSION = YES;
				CLANG_WARN_CONSTANT_CONVERSION = YES;
				CLANG_WARN_DIRECT_OBJC_ISA_USAGE = YES_ERROR;
				CLANG_WARN_EMPTY_BODY = YES;
				CLANG_WARN_ENUM_CONVERSION = YES;
				CLANG_WARN_INT_CONVERSION = YES;
				CLANG_WARN_OBJC_ROOT_CLASS = YES_ERROR;
				CLANG_WARN_UNREACHABLE_CODE = YES;
				CLANG_WARN__DUPLICATE_METHOD_MATCH = YES;
				CODE_SIGN_IDENTITY = "-";
				COPY_PHASE_STRIP = NO;
				DEBUG_INFORMATION_FORMAT = dwarf;
				ENABLE_STRICT_OBJC_MSGSEND = YES;
				ENABLE_TESTABILITY = YES;
				GCC_C_LANGUAGE_STANDARD = gnu99;
				GCC_DYNAMIC_NO_PIC = NO;
				GCC_NO_COMMON_BLOCKS = YES;
				GCC_OPTIMIZATION_LEVEL = 0;
				GCC_PREPROCESSOR_DEFINITIONS = (
					"DEBUG=1",
					"$(inherited)",
				);
				GCC_WARN_64_TO_32_BIT_CONVERSION = YES;
				GCC_WARN_ABOUT_RETURN_TYPE = YES_ERROR;
				GCC_WARN_UNDECLARED_SELECTOR = YES;
				GCC_WARN_UNINITIALIZED_AUTOS = YES_AGGRESSIVE;
				GCC_WARN_UNUSED_FUNCTION = YES;
				GCC_WARN_UNUSED_VARIABLE = YES;
				MACOSX_DEPLOYMENT_TARGET = 10.11;
				MTL_ENABLE_DEBUG_INFO = YES;
				ONLY_ACTIVE_ARCH = YES;
				SDKROOT = macosx;
			};
			name = Debug;
		};
		DDABCC991DC80D45000E3883 /* Release */ = {
			isa = XCBuildConfiguration;
			buildSettings = {
				ALWAYS_SEARCH_USER_PATHS = NO;
				CLANG_ANALYZER_NONNULL = YES;
				CLANG_CXX_LANGUAGE_STANDARD = "gnu++0x";
				CLANG_CXX_LIBRARY = "libc++";
				CLANG_ENABLE_MODULES = YES;
				CLANG_ENABLE_OBJC_ARC = YES;
				CLANG_WARN_BOOL_CONVERSION = YES;
				CLANG_WARN_CONSTANT_CONVERSION = YES;
				CLANG_WARN_DIRECT_OBJC_ISA_USAGE = YES_ERROR;
				CLANG_WARN_EMPTY_BODY = YES;
				CLANG_WARN_ENUM_CONVERSION = YES;
				CLANG_WARN_INT_CONVERSION = YES;
				CLANG_WARN_OBJC_ROOT_CLASS = YES_ERROR;
				CLANG_WARN_UNREACHABLE_CODE = YES;
				CLANG_WARN__DUPLICATE_METHOD_MATCH = YES;
				CODE_SIGN_IDENTITY = "-";
				COPY_PHASE_STRIP = NO;
				DEBUG_INFORMATION_FORMAT = "dwarf-with-dsym";
				ENABLE_NS_ASSERTIONS = NO;
				ENABLE_STRICT_OBJC_MSGSEND = YES;
				GCC_C_LANGUAGE_STANDARD = gnu99;
				GCC_NO_COMMON_BLOCKS = YES;
				GCC_WARN_64_TO_32_BIT_CONVERSION = YES;
				GCC_WARN_ABOUT_RETURN_TYPE = YES_ERROR;
				GCC_WARN_UNDECLARED_SELECTOR = YES;
				GCC_WARN_UNINITIALIZED_AUTOS = YES_AGGRESSIVE;
				GCC_WARN_UNUSED_FUNCTION = YES;
				GCC_WARN_UNUSED_VARIABLE = YES;
				MACOSX_DEPLOYMENT_TARGET = 10.11;
				MTL_ENABLE_DEBUG_INFO = NO;
				SDKROOT = macosx;
			};
			name = Release;
		};
		DDABCC9B1DC80D45000E3883 /* Debug */ = {
			isa = XCBuildConfiguration;
			buildSettings = {
				PRODUCT_NAME = "$(TARGET_NAME)";
			};
			name = Debug;
		};
		DDABCC9C1DC80D45000E3883 /* Release */ = {
			isa = XCBuildConfiguration;
			buildSettings = {
				GCC_PREPROCESSOR_DEFINITIONS = NS_BLOCK_ASSERTIONS;
				PRODUCT_NAME = "$(TARGET_NAME)";
			};
			name = Release;
		};
/* End XCBuildConfiguration section */

/* Begin XCConfigurationList section */
		DDABCC8E1DC80D45000E3883 /* Build configuration list for PBXProject "01-简单工厂" */ = {
			isa = XCConfigurationList;
			buildConfigurations = (
				DDABCC981DC80D45000E3883 /* Debug */,
				DDABCC991DC80D45000E3883 /* Release */,
			);
			defaultConfigurationIsVisible = 0;
			defaultConfigurationName = Release;
		};
		DDABCC9A1DC80D45000E3883 /* Build configuration list for PBXNativeTarget "01-简单工厂" */ = {
			isa = XCConfigurationList;
			buildConfigurations = (
				DDABCC9B1DC80D45000E3883 /* Debug */,
				DDABCC9C1DC80D45000E3883 /* Release */,
			);
			defaultConfigurationIsVisible = 0;
			defaultConfigurationName = Release;
		};
/* End XCConfigurationList section */
	};
	rootObject = DDABCC8B1DC80D45000E3883 /* Project object */;
}
