// !$*UTF8*$!
{
	archiveVersion = 1;
	classes = {
	};
	objectVersion = 46;
	objects = {

/* Begin PBXBuildFile section */
		DDABCCE11DCAA696000E3883 /* main.m in Sources */ = {isa = PBXBuildFile; fileRef = DDABCCE01DCAA696000E3883 /* main.m */; };
		DDABCCE41DCAA696000E3883 /* AppDelegate.m in Sources */ = {isa = PBXBuildFile; fileRef = DDABCCE31DCAA696000E3883 /* AppDelegate.m */; };
		DDABCCE71DCAA696000E3883 /* ViewController.m in Sources */ = {isa = PBXBuildFile; fileRef = DDABCCE61DCAA696000E3883 /* ViewController.m */; };
		DDABCCEA1DCAA696000E3883 /* Main.storyboard in Resources */ = {isa = PBXBuildFile; fileRef = DDABCCE81DCAA696000E3883 /* Main.storyboard */; };
		DDABCCEC1DCAA696000E3883 /* Assets.xcassets in Resources */ = {isa = PBXBuildFile; fileRef = DDABCCEB1DCAA696000E3883 /* Assets.xcassets */; };
		DDABCCEF1DCAA696000E3883 /* LaunchScreen.storyboard in Resources */ = {isa = PBXBuildFile; fileRef = DDABCCED1DCAA696000E3883 /* LaunchScreen.storyboard */; };
		DDABCCF81DCAAE55000E3883 /* CashSuper.m in Sources */ = {isa = PBXBuildFile; fileRef = DDABCCF71DCAAE55000E3883 /* CashSuper.m */; };
		DDABCCFB1DCAAEAA000E3883 /* CashNormal.m in Sources */ = {isa = PBXBuildFile; fileRef = DDABCCFA1DCAAEAA000E3883 /* CashNormal.m */; };
		DDABCCFE1DCAAEF0000E3883 /* CashRebate.m in Sources */ = {isa = PBXBuildFile; fileRef = DDABCCFD1DCAAEF0000E3883 /* CashRebate.m */; };
		DDABCD011DCAB429000E3883 /* CashReturn.m in Sources */ = {isa = PBXBuildFile; fileRef = DDABCD001DCAB429000E3883 /* CashReturn.m */; };
/* End PBXBuildFile section */

/* Begin PBXFileReference section */
		DDABCCDC1DCAA696000E3883 /* 02-策略模式.app */ = {isa = PBXFileReference; explicitFileType = wrapper.application; includeInIndex = 0; path = "02-策略模式.app"; sourceTree = BUILT_PRODUCTS_DIR; };
		DDABCCE01DCAA696000E3883 /* main.m */ = {isa = PBXFileReference; lastKnownFileType = sourcecode.c.objc; path = main.m; sourceTree = "<group>"; };
		DDABCCE21DCAA696000E3883 /* AppDelegate.h */ = {isa = PBXFileReference; lastKnownFileType = sourcecode.c.h; path = AppDelegate.h; sourceTree = "<group>"; };
		DDABCCE31DCAA696000E3883 /* AppDelegate.m */ = {isa = PBXFileReference; lastKnownFileType = sourcecode.c.objc; path = AppDelegate.m; sourceTree = "<group>"; };
		DDABCCE51DCAA696000E3883 /* ViewController.h */ = {isa = PBXFileReference; lastKnownFileType = sourcecode.c.h; path = ViewController.h; sourceTree = "<group>"; };
		DDABCCE61DCAA696000E3883 /* ViewController.m */ = {isa = PBXFileReference; lastKnownFileType = sourcecode.c.objc; path = ViewController.m; sourceTree = "<group>"; };
		DDABCCE91DCAA696000E3883 /* Base */ = {isa = PBXFileReference; lastKnownFileType = file.storyboard; name = Base; path = Base.lproj/Main.storyboard; sourceTree = "<group>"; };
		DDABCCEB1DCAA696000E3883 /* Assets.xcassets */ = {isa = PBXFileReference; lastKnownFileType = folder.assetcatalog; path = Assets.xcassets; sourceTree = "<group>"; };
		DDABCCEE1DCAA696000E3883 /* Base */ = {isa = PBXFileReference; lastKnownFileType = file.storyboard; name = Base; path = Base.lproj/LaunchScreen.storyboard; sourceTree = "<group>"; };
		DDABCCF01DCAA696000E3883 /* Info.plist */ = {isa = PBXFileReference; lastKnownFileType = text.plist.xml; path = Info.plist; sourceTree = "<group>"; };
		DDABCCF61DCAAE55000E3883 /* CashSuper.h */ = {isa = PBXFileReference; fileEncoding = 4; lastKnownFileType = sourcecode.c.h; path = CashSuper.h; sourceTree = "<group>"; };
		DDABCCF71DCAAE55000E3883 /* CashSuper.m */ = {isa = PBXFileReference; fileEncoding = 4; lastKnownFileType = sourcecode.c.objc; path = CashSuper.m; sourceTree = "<group>"; };
		DDABCCF91DCAAEAA000E3883 /* CashNormal.h */ = {isa = PBXFileReference; fileEncoding = 4; lastKnownFileType = sourcecode.c.h; path = CashNormal.h; sourceTree = "<group>"; };
		DDABCCFA1DCAAEAA000E3883 /* CashNormal.m */ = {isa = PBXFileReference; fileEncoding = 4; lastKnownFileType = sourcecode.c.objc; path = CashNormal.m; sourceTree = "<group>"; };
		DDABCCFC1DCAAEF0000E3883 /* CashRebate.h */ = {isa = PBXFileReference; fileEncoding = 4; lastKnownFileType = sourcecode.c.h; path = CashRebate.h; sourceTree = "<group>"; };
		DDABCCFD1DCAAEF0000E3883 /* CashRebate.m */ = {isa = PBXFileReference; fileEncoding = 4; lastKnownFileType = sourcecode.c.objc; path = CashRebate.m; sourceTree = "<group>"; };
		DDABCCFF1DCAB429000E3883 /* CashReturn.h */ = {isa = PBXFileReference; fileEncoding = 4; lastKnownFileType = sourcecode.c.h; path = CashReturn.h; sourceTree = "<group>"; };
		DDABCD001DCAB429000E3883 /* CashReturn.m */ = {isa = PBXFileReference; fileEncoding = 4; lastKnownFileType = sourcecode.c.objc; path = CashReturn.m; sourceTree = "<group>"; };
/* End PBXFileReference section */

/* Begin PBXFrameworksBuildPhase section */
		DDABCCD91DCAA696000E3883 /* Frameworks */ = {
			isa = PBXFrameworksBuildPhase;
			buildActionMask = 2147483647;
			files = (
			);
			runOnlyForDeploymentPostprocessing = 0;
		};
/* End PBXFrameworksBuildPhase section */

/* Begin PBXGroup section */
		DDABCCD31DCAA696000E3883 = {
			isa = PBXGroup;
			children = (
				DDABCCDE1DCAA696000E3883 /* 02-策略模式 */,
				DDABCCDD1DCAA696000E3883 /* Products */,
			);
			sourceTree = "<group>";
		};
		DDABCCDD1DCAA696000E3883 /* Products */ = {
			isa = PBXGroup;
			children = (
				DDABCCDC1DCAA696000E3883 /* 02-策略模式.app */,
			);
			name = Products;
			sourceTree = "<group>";
		};
		DDABCCDE1DCAA696000E3883 /* 02-策略模式 */ = {
			isa = PBXGroup;
			children = (
				DDABCCE21DCAA696000E3883 /* AppDelegate.h */,
				DDABCCE31DCAA696000E3883 /* AppDelegate.m */,
				DDABCCE51DCAA696000E3883 /* ViewController.h */,
				DDABCCE61DCAA696000E3883 /* ViewController.m */,
				DDABCCE81DCAA696000E3883 /* Main.storyboard */,
				DDABCCF61DCAAE55000E3883 /* CashSuper.h */,
				DDABCCF71DCAAE55000E3883 /* CashSuper.m */,
				DDABCCF91DCAAEAA000E3883 /* CashNormal.h */,
				DDABCCFA1DCAAEAA000E3883 /* CashNormal.m */,
				DDABCCFC1DCAAEF0000E3883 /* CashRebate.h */,
				DDABCCFD1DCAAEF0000E3883 /* CashRebate.m */,
				DDABCCFF1DCAB429000E3883 /* CashReturn.h */,
				DDABCD001DCAB429000E3883 /* CashReturn.m */,
				DDABCCDF1DCAA696000E3883 /* Supporting Files */,
			);
			path = "02-策略模式";
			sourceTree = "<group>";
		};
		DDABCCDF1DCAA696000E3883 /* Supporting Files */ = {
			isa = PBXGroup;
			children = (
				DDABCCEB1DCAA696000E3883 /* Assets.xcassets */,
				DDABCCED1DCAA696000E3883 /* LaunchScreen.storyboard */,
				DDABCCF01DCAA696000E3883 /* Info.plist */,
				DDABCCE01DCAA696000E3883 /* main.m */,
			);
			name = "Supporting Files";
			sourceTree = "<group>";
		};
/* End PBXGroup section */

/* Begin PBXNativeTarget section */
		DDABCCDB1DCAA696000E3883 /* 02-策略模式 */ = {
			isa = PBXNativeTarget;
			buildConfigurationList = DDABCCF31DCAA696000E3883 /* Build configuration list for PBXNativeTarget "02-策略模式" */;
			buildPhases = (
				DDABCCD81DCAA696000E3883 /* Sources */,
				DDABCCD91DCAA696000E3883 /* Frameworks */,
				DDABCCDA1DCAA696000E3883 /* Resources */,
			);
			buildRules = (
			);
			dependencies = (
			);
			name = "02-策略模式";
			productName = "02-策略模式";
			productReference = DDABCCDC1DCAA696000E3883 /* 02-策略模式.app */;
			productType = "com.apple.product-type.application";
		};
/* End PBXNativeTarget section */

/* Begin PBXProject section */
		DDABCCD41DCAA696000E3883 /* Project object */ = {
			isa = PBXProject;
			attributes = {
				LastUpgradeCheck = 0730;
				ORGANIZATIONNAME = Yangyang;
				TargetAttributes = {
					DDABCCDB1DCAA696000E3883 = {
						CreatedOnToolsVersion = 7.3.1;
						DevelopmentTeam = RF9PE7JSC6;
					};
				};
			};
			buildConfigurationList = DDABCCD71DCAA696000E3883 /* Build configuration list for PBXProject "02-策略模式" */;
			compatibilityVersion = "Xcode 3.2";
			developmentRegion = English;
			hasScannedForEncodings = 0;
			knownRegions = (
				en,
				Base,
			);
			mainGroup = DDABCCD31DCAA696000E3883;
			productRefGroup = DDABCCDD1DCAA696000E3883 /* Products */;
			projectDirPath = "";
			projectRoot = "";
			targets = (
				DDABCCDB1DCAA696000E3883 /* 02-策略模式 */,
			);
		};
/* End PBXProject section */

/* Begin PBXResourcesBuildPhase section */
		DDABCCDA1DCAA696000E3883 /* Resources */ = {
			isa = PBXResourcesBuildPhase;
			buildActionMask = 2147483647;
			files = (
				DDABCCEF1DCAA696000E3883 /* LaunchScreen.storyboard in Resources */,
				DDABCCEC1DCAA696000E3883 /* Assets.xcassets in Resources */,
				DDABCCEA1DCAA696000E3883 /* Main.storyboard in Resources */,
			);
			runOnlyForDeploymentPostprocessing = 0;
		};
/* End PBXResourcesBuildPhase section */

/* Begin PBXSourcesBuildPhase section */
		DDABCCD81DCAA696000E3883 /* Sources */ = {
			isa = PBXSourcesBuildPhase;
			buildActionMask = 2147483647;
			files = (
				DDABCCF81DCAAE55000E3883 /* CashSuper.m in Sources */,
				DDABCCFE1DCAAEF0000E3883 /* CashRebate.m in Sources */,
				DDABCCFB1DCAAEAA000E3883 /* CashNormal.m in Sources */,
				DDABCCE71DCAA696000E3883 /* ViewController.m in Sources */,
				DDABCCE41DCAA696000E3883 /* AppDelegate.m in Sources */,
				DDABCD011DCAB429000E3883 /* CashReturn.m in Sources */,
				DDABCCE11DCAA696000E3883 /* main.m in Sources */,
			);
			runOnlyForDeploymentPostprocessing = 0;
		};
/* End PBXSourcesBuildPhase section */

/* Begin PBXVariantGroup section */
		DDABCCE81DCAA696000E3883 /* Main.storyboard */ = {
			isa = PBXVariantGroup;
			children = (
				DDABCCE91DCAA696000E3883 /* Base */,
			);
			name = Main.storyboard;
			sourceTree = "<group>";
		};
		DDABCCED1DCAA696000E3883 /* LaunchScreen.storyboard */ = {
			isa = PBXVariantGroup;
			children = (
				DDABCCEE1DCAA696000E3883 /* Base */,
			);
			name = LaunchScreen.storyboard;
			sourceTree = "<group>";
		};
/* End PBXVariantGroup section */

/* Begin XCBuildConfiguration section */
		DDABCCF11DCAA696000E3883 /* Debug */ = {
			isa = XCBuildConfiguration;
			buildSettings = {
				ALWAYS_SEARCH_USER_PATHS = NO;
				CLANG_ANALYZER_NONNULL = YES;
				CLANG_CXX_LANGUAGE_STANDARD = "gnu++0x";
				CLANG_CXX_LIBRARY = "libc++";
				CLANG_ENABLE_MODULES = YES;
				CLANG_ENABLE_OBJC_ARC = YES;
				CLANG_WARN_BOOL_CONVERSION = YES;
				CLANG_WARN_CONSTANT_CONVERSION = YES;
				CLANG_WARN_DIRECT_OBJC_ISA_USAGE = YES_ERROR;
				CLANG_WARN_EMPTY_BODY = YES;
				CLANG_WARN_ENUM_CONVERSION = YES;
				CLANG_WARN_INT_CONVERSION = YES;
				CLANG_WARN_OBJC_ROOT_CLASS = YES_ERROR;
				CLANG_WARN_UNREACHABLE_CODE = YES;
				CLANG_WARN__DUPLICATE_METHOD_MATCH = YES;
				"CODE_SIGN_IDENTITY[sdk=iphoneos*]" = "iPhone Developer";
				COPY_PHASE_STRIP = NO;
				DEBUG_INFORMATION_FORMAT = dwarf;
				ENABLE_STRICT_OBJC_MSGSEND = YES;
				ENABLE_TESTABILITY = YES;
				GCC_C_LANGUAGE_STANDARD = gnu99;
				GCC_DYNAMIC_NO_PIC = NO;
				GCC_NO_COMMON_BLOCKS = YES;
				GCC_OPTIMIZATION_LEVEL = 0;
				GCC_PREPROCESSOR_DEFINITIONS = (
					"DEBUG=1",
					"$(inherited)",
				);
				GCC_WARN_64_TO_32_BIT_CONVERSION = YES;
				GCC_WARN_ABOUT_RETURN_TYPE = YES_ERROR;
				GCC_WARN_UNDECLARED_SELECTOR = YES;
				GCC_WARN_UNINITIALIZED_AUTOS = YES_AGGRESSIVE;
				GCC_WARN_UNUSED_FUNCTION = YES;
				GCC_WARN_UNUSED_VARIABLE = YES;
				IPHONEOS_DEPLOYMENT_TARGET = 9.3;
				MTL_ENABLE_DEBUG_INFO = YES;
				ONLY_ACTIVE_ARCH = YES;
				SDKROOT = iphoneos;
			};
			name = Debug;
		};
		DDABCCF21DCAA696000E3883 /* Release */ = {
			isa = XCBuildConfiguration;
			buildSettings = {
				ALWAYS_SEARCH_USER_PATHS = NO;
				CLANG_ANALYZER_NONNULL = YES;
				CLANG_CXX_LANGUAGE_STANDARD = "gnu++0x";
				CLANG_CXX_LIBRARY = "libc++";
				CLANG_ENABLE_MODULES = YES;
				CLANG_ENABLE_OBJC_ARC = YES;
				CLANG_WARN_BOOL_CONVERSION = YES;
				CLANG_WARN_CONSTANT_CONVERSION = YES;
				CLANG_WARN_DIRECT_OBJC_ISA_USAGE = YES_ERROR;
				CLANG_WARN_EMPTY_BODY = YES;
				CLANG_WARN_ENUM_CONVERSION = YES;
				CLANG_WARN_INT_CONVERSION = YES;
				CLANG_WARN_OBJC_ROOT_CLASS = YES_ERROR;
				CLANG_WARN_UNREACHABLE_CODE = YES;
				CLANG_WARN__DUPLICATE_METHOD_MATCH = YES;
				"CODE_SIGN_IDENTITY[sdk=iphoneos*]" = "iPhone Developer";
				COPY_PHASE_STRIP = NO;
				DEBUG_INFORMATION_FORMAT = "dwarf-with-dsym";
				ENABLE_NS_ASSERTIONS = NO;
				ENABLE_STRICT_OBJC_MSGSEND = YES;
				GCC_C_LANGUAGE_STANDARD = gnu99;
				GCC_NO_COMMON_BLOCKS = YES;
				GCC_WARN_64_TO_32_BIT_CONVERSION = YES;
				GCC_WARN_ABOUT_RETURN_TYPE = YES_ERROR;
				GCC_WARN_UNDECLARED_SELECTOR = YES;
				GCC_WARN_UNINITIALIZED_AUTOS = YES_AGGRESSIVE;
				GCC_WARN_UNUSED_FUNCTION = YES;
				GCC_WARN_UNUSED_VARIABLE = YES;
				IPHONEOS_DEPLOYMENT_TARGET = 9.3;
				MTL_ENABLE_DEBUG_INFO = NO;
				SDKROOT = iphoneos;
				VALIDATE_PRODUCT = YES;
			};
			name = Release;
		};
		DDABCCF41DCAA696000E3883 /* Debug */ = {
			isa = XCBuildConfiguration;
			buildSettings = {
				ASSETCATALOG_COMPILER_APPICON_NAME = AppIcon;
				INFOPLIST_FILE = "02-策略模式/Info.plist";
				LD_RUNPATH_SEARCH_PATHS = "$(inherited) @executable_path/Frameworks";
				PRODUCT_BUNDLE_IDENTIFIER = "cn.panyard.RealiPhone.-2-----";
				PRODUCT_NAME = "$(TARGET_NAME)";
			};
			name = Debug;
		};
		DDABCCF51DCAA696000E3883 /* Release */ = {
			isa = XCBuildConfiguration;
			buildSettings = {
				ASSETCATALOG_COMPILER_APPICON_NAME = AppIcon;
				INFOPLIST_FILE = "02-策略模式/Info.plist";
				LD_RUNPATH_SEARCH_PATHS = "$(inherited) @executable_path/Frameworks";
				PRODUCT_BUNDLE_IDENTIFIER = "cn.panyard.RealiPhone.-2-----";
				PRODUCT_NAME = "$(TARGET_NAME)";
			};
			name = Release;
		};
/* End XCBuildConfiguration section */

/* Begin XCConfigurationList section */
		DDABCCD71DCAA696000E3883 /* Build configuration list for PBXProject "02-策略模式" */ = {
			isa = XCConfigurationList;
			buildConfigurations = (
				DDABCCF11DCAA696000E3883 /* Debug */,
				DDABCCF21DCAA696000E3883 /* Release */,
			);
			defaultConfigurationIsVisible = 0;
			defaultConfigurationName = Release;
		};
		DDABCCF31DCAA696000E3883 /* Build configuration list for PBXNativeTarget "02-策略模式" */ = {
			isa = XCConfigurationList;
			buildConfigurations = (
				DDABCCF41DCAA696000E3883 /* Debug */,
				DDABCCF51DCAA696000E3883 /* Release */,
			);
			defaultConfigurationIsVisible = 0;
		};
/* End XCConfigurationList section */
	};
	rootObject = DDABCCD41DCAA696000E3883 /* Project object */;
}
